<Solution>
  <Folder Name="/gateway/">
    <Project Path="gateway/ApiGateway/ApiGateway.csproj" />
  </Folder>
  <Folder Name="/services/ShippingService/" />
  <Folder Name="/shared/">
    <Project Path="shared/ECommerce.Shared/ECommerce.Shared.csproj" />
  </Folder>
  <Folder Name="/services/" />
  <Folder Name="/services/AuthService/" />
  <Folder Name="/services/CartService/">
    <Project Path="services/CartService/Cart.API/Cart.API.csproj" />
    <Project Path="services/CartService/Cart.Application/Cart.Application.csproj" />
    <Project Path="services/CartService/Cart.Domain/Cart.Domain.csproj" />
    <Project Path="services/CartService/Cart.Infrastructure/Cart.Infrastructure.csproj" />
    <Project Path="services/CartService/Cart.Tests/Cart.Tests.csproj" />
  </Folder>
  <Folder Name="/services/CatalogService/">
    <Project Path="services/CatalogService/Catalog.API.Common/Catalog.API.Common.csproj" />
    <Project Path="services/CatalogService/Catalog.API.Read/Catalog.API.Read.csproj" />
    <Project Path="services/CatalogService/Catalog.API.Write/Catalog.API.Write.csproj" />
    <Project Path="services/CatalogService/Catalog.Application/Catalog.Application.csproj" />
    <Project Path="services/CatalogService/Catalog.Domain/Catalog.Domain.csproj" />
    <Project Path="services/CatalogService/Catalog.Infrastructure/Catalog.Infrastructure.csproj" Id="a373febd-223f-49ba-b5e3-ba5db885e829" />
    <Project Path="services/CatalogService/Catalog.Tests/Catalog.Tests.csproj" />
  </Folder>
  <Folder Name="/services/CustomerService/" />
  <Folder Name="/services/InventoryService/" />
  <Folder Name="/services/NotificationService/" />
  <Folder Name="/services/OrderService/" />
  <Folder Name="/services/PaymentService/" />
</Solution>
