<Solution>
  <Folder Name="/gateway/">
    <Project Path="gateway/ApiGateway/ApiGateway.csproj" />
  </Folder>
  <Folder Name="/spa/">
    <Project Path="spa/SpaLauncher/SpaLauncher.csproj" />
  </Folder>
  <Folder Name="/services/ShippingService/">
    <Project Path="services/ShippingService/Shipping.API/Shipping.API.csproj" />
    <Project Path="services/ShippingService/Shipping.Application/Shipping.Application.csproj" />
    <Project Path="services/ShippingService/Shipping.Domain/Shipping.Domain.csproj" />
    <Project Path="services/ShippingService/Shipping.Infrastructure/Shipping.Infrastructure.csproj" />
  </Folder>
  <Folder Name="/shared/">
    <Project Path="shared/ECommerce.Shared/ECommerce.Shared.csproj" />
  </Folder>
  <Folder Name="/services/" />
  <Folder Name="/services/AuthService/">
    <Project Path="services/AuthService/Auth.API/Auth.API.csproj" />
    <Project Path="services/AuthService/Auth.Application/Auth.Application.csproj" />
    <Project Path="services/AuthService/Auth.Domain/Auth.Domain.csproj" />
    <Project Path="services/AuthService/Auth.Infrastructure/Auth.Infrastructure.csproj" />
    <Project Path="services/AuthService/Auth.Tests/Auth.Tests.csproj" />
  </Folder>
  <Folder Name="/services/CartService/">
    <Project Path="services/CartService/Cart.API/Cart.API.csproj" />
    <Project Path="services/CartService/Cart.Application/Cart.Application.csproj" />
    <Project Path="services/CartService/Cart.Domain/Cart.Domain.csproj" />
    <Project Path="services/CartService/Cart.Infrastructure/Cart.Infrastructure.csproj" />
    <Project Path="services/CartService/Cart.Tests/Cart.Tests.csproj" />
  </Folder>
  <Folder Name="/services/CatalogService/">
    <Project Path="services/CatalogService/Catalog.API.Common/Catalog.API.Common.csproj" />
    <Project Path="services/CatalogService/Catalog.API.Read/Catalog.API.Read.csproj" />
    <Project Path="services/CatalogService/Catalog.API.Write/Catalog.API.Write.csproj" />
    <Project Path="services/CatalogService/Catalog.Application/Catalog.Application.csproj" />
    <Project Path="services/CatalogService/Catalog.Domain/Catalog.Domain.csproj" />
    <Project Path="services/CatalogService/Catalog.Infrastructure/Catalog.Infrastructure.csproj" Id="a373febd-223f-49ba-b5e3-ba5db885e829" />
    <Project Path="services/CatalogService/Catalog.Tests/Catalog.Tests.csproj" />
  </Folder>
  <Folder Name="/services/CustomerService/">
    <Project Path="services/CustomerService/Customer.API/Customer.API.csproj" />
    <Project Path="services/CustomerService/Customer.Application/Customer.Application.csproj" />
    <Project Path="services/CustomerService/Customer.Domain/Customer.Domain.csproj" />
    <Project Path="services/CustomerService/Customer.Infrastructure/Customer.Infrastructure.csproj" />
    <Project Path="services/CustomerService/Customer.Tests/Customer.Tests.csproj" />
  </Folder>
  <Folder Name="/services/InventoryService/">
    <Project Path="services/InventoryService/Inventory.API/Inventory.API.csproj" />
    <Project Path="services/InventoryService/Inventory.Application/Inventory.Application.csproj" />
    <Project Path="services/InventoryService/Inventory.Domain/Inventory.Domain.csproj" />
    <Project Path="services/InventoryService/Inventory.Infrastructure/Inventory.Infrastructure.csproj" />
    <Project Path="services/InventoryService/Inventory.Tests/Inventory.Tests.csproj" />
  </Folder>
  <Folder Name="/services/NotaFiscalService/">
    <Project Path="services/NotaFiscalService/NotaFiscal.API/NotaFiscal.API.csproj" />
    <Project Path="services/NotaFiscalService/NotaFiscal.Application/NotaFiscal.Application.csproj" />
    <Project Path="services/NotaFiscalService/NotaFiscal.Domain/NotaFiscal.Domain.csproj" />
    <Project Path="services/NotaFiscalService/NotaFiscal.Infrastructure/NotaFiscal.Infrastructure.csproj" />
    <Project Path="services/NotaFiscalService/NotaFiscal.Tests/NotaFiscal.Tests.csproj" />
  </Folder>
  <Folder Name="/services/NotificationService/" />
  <Folder Name="/services/OrderService/">
    <Project Path="services/OrderService/Order.API.Common/Order.API.Common.csproj" />
    <Project Path="services/OrderService/Order.API.Processor/Order.API.Processor.csproj" />
    <Project Path="services/OrderService/Order.API.Read/Order.API.Read.csproj" />
    <Project Path="services/OrderService/Order.API.Write/Order.API.Write.csproj" />
    <Project Path="services/OrderService/Order.Application/Order.Application.csproj" />
    <Project Path="services/OrderService/Order.Domain/Order.Domain.csproj" />
    <Project Path="services/OrderService/Order.Infrastructure/Order.Infrastructure.csproj" />
    <Project Path="services/OrderService/Order.Tests/Order.Tests.csproj" />
  </Folder>
  <Folder Name="/services/PaymentService/">
    <Project Path="services/PaymentService/Payment.API/Payment.API.csproj" />
    <Project Path="services/PaymentService/Payment.Application/Payment.Application.csproj" />
    <Project Path="services/PaymentService/Payment.Domain/Payment.Domain.csproj" />
    <Project Path="services/PaymentService/Payment.Infrastructure/Payment.Infrastructure.csproj" />
    <Project Path="services/PaymentService/Payment.Tests/Payment.Tests.csproj" />
  </Folder>
</Solution>
