<Solution>
  <Folder Name="/gateway/">
    <Project Path="gateway/ApiGateway/ApiGateway.csproj" />
  </Folder>
  <Folder Name="/services/" />
  <Folder Name="/services/CartService/" />
  <Folder Name="/services/CatalogService/">
    <Project Path="Catalog.Domain/Catalog.Domain.csproj" />
    <Project Path="services/CatalogService/Catalog.API/Catalog.API.csproj" />
    <Project Path="services/CatalogService/Catalog.Application/Catalog.Application.csproj" />
  </Folder>
  <Folder Name="/services/InventoryService/" />
  <Folder Name="/services/NotificationService/" />
  <Folder Name="/services/OrderService/" />
  <Folder Name="/services/PaymentService/" />
</Solution>
